// !$*UTF8*$!
{
	archiveVersion = 1;
	classes = {
	};
	objectVersion = 46;
	objects = {

/* Begin PBXBuildFile section */
		BE05F8D51856FD9900EC2017 /* afro_32.png in Resources */ = {isa = PBXBuildFile; fileRef = BE05F8C41856FD9900EC2017 /* afro_32.png */; };
		BE05F8D61856FD9900EC2017 /* alien_32.png in Resources */ = {isa = PBXBuildFile; fileRef = BE05F8C51856FD9900EC2017 /* alien_32.png */; };
		BE05F8D71856FD9900EC2017 /* anciano_32.png in Resources */ = {isa = PBXBuildFile; fileRef = BE05F8C61856FD9900EC2017 /* anciano_32.png */; };
		BE05F8D81856FD9900EC2017 /* astronauta_32.png in Resources */ = {isa = PBXBuildFile; fileRef = BE05F8C71856FD9900EC2017 /* astronauta_32.png */; };
		BE05F8D91856FD9900EC2017 /* barbaman_32.png in Resources */ = {isa = PBXBuildFile; fileRef = BE05F8C81856FD9900EC2017 /* barbaman_32.png */; };
		BE05F8DA1856FD9900EC2017 /* boxeador_32.png in Resources */ = {isa = PBXBuildFile; fileRef = BE05F8C91856FD9900EC2017 /* boxeador_32.png */; };
		BE05F8DB1856FD9900EC2017 /* bruce_lee_32.png in Resources */ = {isa = PBXBuildFile; fileRef = BE05F8CA1856FD9900EC2017 /* bruce_lee_32.png */; };
		BE05F8DC1856FD9900EC2017 /* cientifico_loco_32.png in Resources */ = {isa = PBXBuildFile; fileRef = BE05F8CB1856FD9900EC2017 /* cientifico_loco_32.png */; };
		BE05F8DD1856FD9900EC2017 /* comisario_32.png in Resources */ = {isa = PBXBuildFile; fileRef = BE05F8CC1856FD9900EC2017 /* comisario_32.png */; };
		BE05F8DE1856FD9900EC2017 /* cupido_32.png in Resources */ = {isa = PBXBuildFile; fileRef = BE05F8CD1856FD9900EC2017 /* cupido_32.png */; };
		BE05F8DF1856FD9900EC2017 /* diabla_32.png in Resources */ = {isa = PBXBuildFile; fileRef = BE05F8CE1856FD9900EC2017 /* diabla_32.png */; };
		BE05F8E01856FD9900EC2017 /* director_32.png in Resources */ = {isa = PBXBuildFile; fileRef = BE05F8CF1856FD9900EC2017 /* director_32.png */; };
		BE05F8E11856FD9900EC2017 /* dreds_32.png in Resources */ = {isa = PBXBuildFile; fileRef = BE05F8D01856FD9900EC2017 /* dreds_32.png */; };
		BE05F8E21856FD9900EC2017 /* elvis_32.png in Resources */ = {isa = PBXBuildFile; fileRef = BE05F8D11856FD9900EC2017 /* elvis_32.png */; };
		BE05F8E31856FD9900EC2017 /* emo_32.png in Resources */ = {isa = PBXBuildFile; fileRef = BE05F8D21856FD9900EC2017 /* emo_32.png */; };
		BE05F8E41856FD9900EC2017 /* escafandra_32.png in Resources */ = {isa = PBXBuildFile; fileRef = BE05F8D31856FD9900EC2017 /* escafandra_32.png */; };
		BE05F8E51856FD9900EC2017 /* extraterrestre_32.png in Resources */ = {isa = PBXBuildFile; fileRef = BE05F8D41856FD9900EC2017 /* extraterrestre_32.png */; };
		BE05F8E81857120700EC2017 /* DDDadi.m in Sources */ = {isa = PBXBuildFile; fileRef = BE05F8E71857120700EC2017 /* DDDadi.m */; };
		BE05F8EB1857148100EC2017 /* DDPlayer.m in Sources */ = {isa = PBXBuildFile; fileRef = BE05F8EA1857148100EC2017 /* DDPlayer.m */; };
		BE05F8F9185728F900EC2017 /* DDCoinView.m in Sources */ = {isa = PBXBuildFile; fileRef = BE05F8F8185728F900EC2017 /* DDCoinView.m */; };
		BE05F8FF18572C7500EC2017 /* DDCoinView.xib in Resources */ = {isa = PBXBuildFile; fileRef = BE05F8FE18572C7500EC2017 /* DDCoinView.xib */; };
		BE3DDB4018461203002D3F42 /* Foundation.framework in Frameworks */ = {isa = PBXBuildFile; fileRef = BE3DDB3F18461203002D3F42 /* Foundation.framework */; };
		BE3DDB4218461203002D3F42 /* CoreGraphics.framework in Frameworks */ = {isa = PBXBuildFile; fileRef = BE3DDB4118461203002D3F42 /* CoreGraphics.framework */; };
		BE3DDB4418461203002D3F42 /* UIKit.framework in Frameworks */ = {isa = PBXBuildFile; fileRef = BE3DDB4318461203002D3F42 /* UIKit.framework */; };
		BE3DDB4A18461203002D3F42 /* InfoPlist.strings in Resources */ = {isa = PBXBuildFile; fileRef = BE3DDB4818461203002D3F42 /* InfoPlist.strings */; };
		BE3DDB4C18461203002D3F42 /* main.m in Sources */ = {isa = PBXBuildFile; fileRef = BE3DDB4B18461203002D3F42 /* main.m */; };
		BE3DDB5018461203002D3F42 /* DDAppDelegate.m in Sources */ = {isa = PBXBuildFile; fileRef = BE3DDB4F18461203002D3F42 /* DDAppDelegate.m */; };
		BE3DDB5318461203002D3F42 /* Main.storyboard in Resources */ = {isa = PBXBuildFile; fileRef = BE3DDB5118461203002D3F42 /* Main.storyboard */; };
		BE3DDB5618461203002D3F42 /* DDViewController.m in Sources */ = {isa = PBXBuildFile; fileRef = BE3DDB5518461203002D3F42 /* DDViewController.m */; };
		BE3DDB5818461203002D3F42 /* Images.xcassets in Resources */ = {isa = PBXBuildFile; fileRef = BE3DDB5718461203002D3F42 /* Images.xcassets */; };
		BE3DDB5F18461203002D3F42 /* XCTest.framework in Frameworks */ = {isa = PBXBuildFile; fileRef = BE3DDB5E18461203002D3F42 /* XCTest.framework */; };
		BE3DDB6018461203002D3F42 /* Foundation.framework in Frameworks */ = {isa = PBXBuildFile; fileRef = BE3DDB3F18461203002D3F42 /* Foundation.framework */; };
		BE3DDB6118461203002D3F42 /* UIKit.framework in Frameworks */ = {isa = PBXBuildFile; fileRef = BE3DDB4318461203002D3F42 /* UIKit.framework */; };
		BE3DDB6918461203002D3F42 /* InfoPlist.strings in Resources */ = {isa = PBXBuildFile; fileRef = BE3DDB6718461203002D3F42 /* InfoPlist.strings */; };
		BE3DDB6B18461203002D3F42 /* DadiTests.m in Sources */ = {isa = PBXBuildFile; fileRef = BE3DDB6A18461203002D3F42 /* DadiTests.m */; };
		BE3DDB7718461226002D3F42 /* DDVertex.m in Sources */ = {isa = PBXBuildFile; fileRef = BE3DDB7618461226002D3F42 /* DDVertex.m */; };
		BE3DDB7A184615D9002D3F42 /* DDBoard.m in Sources */ = {isa = PBXBuildFile; fileRef = BE3DDB79184615D9002D3F42 /* DDBoard.m */; };
		BE3DDB7D18461608002D3F42 /* DDVerticesManager.m in Sources */ = {isa = PBXBuildFile; fileRef = BE3DDB7C18461608002D3F42 /* DDVerticesManager.m */; };
		BE7B26201855EFD200B731B7 /* DDCoin.m in Sources */ = {isa = PBXBuildFile; fileRef = BE7B261F1855EFD200B731B7 /* DDCoin.m */; };
		BE7B26231855F19200B731B7 /* DDCoinManager.m in Sources */ = {isa = PBXBuildFile; fileRef = BE7B26221855F19200B731B7 /* DDCoinManager.m */; };
/* End PBXBuildFile section */

/* Begin PBXContainerItemProxy section */
		BE3DDB6218461203002D3F42 /* PBXContainerItemProxy */ = {
			isa = PBXContainerItemProxy;
			containerPortal = BE3DDB3418461203002D3F42 /* Project object */;
			proxyType = 1;
			remoteGlobalIDString = BE3DDB3B18461203002D3F42;
			remoteInfo = Dadi;
		};
/* End PBXContainerItemProxy section */

/* Begin PBXFileReference section */
		BE05F8C41856FD9900EC2017 /* afro_32.png */ = {isa = PBXFileReference; lastKnownFileType = image.png; path = afro_32.png; sourceTree = "<group>"; };
		BE05F8C51856FD9900EC2017 /* alien_32.png */ = {isa = PBXFileReference; lastKnownFileType = image.png; path = alien_32.png; sourceTree = "<group>"; };
		BE05F8C61856FD9900EC2017 /* anciano_32.png */ = {isa = PBXFileReference; lastKnownFileType = image.png; path = anciano_32.png; sourceTree = "<group>"; };
		BE05F8C71856FD9900EC2017 /* astronauta_32.png */ = {isa = PBXFileReference; lastKnownFileType = image.png; path = astronauta_32.png; sourceTree = "<group>"; };
		BE05F8C81856FD9900EC2017 /* barbaman_32.png */ = {isa = PBXFileReference; lastKnownFileType = image.png; path = barbaman_32.png; sourceTree = "<group>"; };
		BE05F8C91856FD9900EC2017 /* boxeador_32.png */ = {isa = PBXFileReference; lastKnownFileType = image.png; path = boxeador_32.png; sourceTree = "<group>"; };
		BE05F8CA1856FD9900EC2017 /* bruce_lee_32.png */ = {isa = PBXFileReference; lastKnownFileType = image.png; path = bruce_lee_32.png; sourceTree = "<group>"; };
		BE05F8CB1856FD9900EC2017 /* cientifico_loco_32.png */ = {isa = PBXFileReference; lastKnownFileType = image.png; path = cientifico_loco_32.png; sourceTree = "<group>"; };
		BE05F8CC1856FD9900EC2017 /* comisario_32.png */ = {isa = PBXFileReference; lastKnownFileType = image.png; path = comisario_32.png; sourceTree = "<group>"; };
		BE05F8CD1856FD9900EC2017 /* cupido_32.png */ = {isa = PBXFileReference; lastKnownFileType = image.png; path = cupido_32.png; sourceTree = "<group>"; };
		BE05F8CE1856FD9900EC2017 /* diabla_32.png */ = {isa = PBXFileReference; lastKnownFileType = image.png; path = diabla_32.png; sourceTree = "<group>"; };
		BE05F8CF1856FD9900EC2017 /* director_32.png */ = {isa = PBXFileReference; lastKnownFileType = image.png; path = director_32.png; sourceTree = "<group>"; };
		BE05F8D01856FD9900EC2017 /* dreds_32.png */ = {isa = PBXFileReference; lastKnownFileType = image.png; path = dreds_32.png; sourceTree = "<group>"; };
		BE05F8D11856FD9900EC2017 /* elvis_32.png */ = {isa = PBXFileReference; lastKnownFileType = image.png; path = elvis_32.png; sourceTree = "<group>"; };
		BE05F8D21856FD9900EC2017 /* emo_32.png */ = {isa = PBXFileReference; lastKnownFileType = image.png; path = emo_32.png; sourceTree = "<group>"; };
		BE05F8D31856FD9900EC2017 /* escafandra_32.png */ = {isa = PBXFileReference; lastKnownFileType = image.png; path = escafandra_32.png; sourceTree = "<group>"; };
		BE05F8D41856FD9900EC2017 /* extraterrestre_32.png */ = {isa = PBXFileReference; lastKnownFileType = image.png; path = extraterrestre_32.png; sourceTree = "<group>"; };
		BE05F8E61857120700EC2017 /* DDDadi.h */ = {isa = PBXFileReference; fileEncoding = 4; lastKnownFileType = sourcecode.c.h; path = DDDadi.h; sourceTree = "<group>"; };
		BE05F8E71857120700EC2017 /* DDDadi.m */ = {isa = PBXFileReference; fileEncoding = 4; lastKnownFileType = sourcecode.c.objc; path = DDDadi.m; sourceTree = "<group>"; };
		BE05F8E91857148100EC2017 /* DDPlayer.h */ = {isa = PBXFileReference; fileEncoding = 4; lastKnownFileType = sourcecode.c.h; path = DDPlayer.h; sourceTree = "<group>"; };
		BE05F8EA1857148100EC2017 /* DDPlayer.m */ = {isa = PBXFileReference; fileEncoding = 4; lastKnownFileType = sourcecode.c.objc; path = DDPlayer.m; sourceTree = "<group>"; };
		BE05F8F7185728F900EC2017 /* DDCoinView.h */ = {isa = PBXFileReference; fileEncoding = 4; lastKnownFileType = sourcecode.c.h; path = DDCoinView.h; sourceTree = "<group>"; };
		BE05F8F8185728F900EC2017 /* DDCoinView.m */ = {isa = PBXFileReference; fileEncoding = 4; lastKnownFileType = sourcecode.c.objc; path = DDCoinView.m; sourceTree = "<group>"; };
		BE05F8FE18572C7500EC2017 /* DDCoinView.xib */ = {isa = PBXFileReference; fileEncoding = 4; lastKnownFileType = file.xib; path = DDCoinView.xib; sourceTree = "<group>"; };
		BE2BA8FC18474727001A04F3 /* DDConstants.h */ = {isa = PBXFileReference; fileEncoding = 4; lastKnownFileType = sourcecode.c.h; path = DDConstants.h; sourceTree = "<group>"; };
		BE3DDB3C18461203002D3F42 /* Dadi.app */ = {isa = PBXFileReference; explicitFileType = wrapper.application; includeInIndex = 0; path = Dadi.app; sourceTree = BUILT_PRODUCTS_DIR; };
		BE3DDB3F18461203002D3F42 /* Foundation.framework */ = {isa = PBXFileReference; lastKnownFileType = wrapper.framework; name = Foundation.framework; path = System/Library/Frameworks/Foundation.framework; sourceTree = SDKROOT; };
		BE3DDB4118461203002D3F42 /* CoreGraphics.framework */ = {isa = PBXFileReference; lastKnownFileType = wrapper.framework; name = CoreGraphics.framework; path = System/Library/Frameworks/CoreGraphics.framework; sourceTree = SDKROOT; };
		BE3DDB4318461203002D3F42 /* UIKit.framework */ = {isa = PBXFileReference; lastKnownFileType = wrapper.framework; name = UIKit.framework; path = System/Library/Frameworks/UIKit.framework; sourceTree = SDKROOT; };
		BE3DDB4718461203002D3F42 /* Dadi-Info.plist */ = {isa = PBXFileReference; lastKnownFileType = text.plist.xml; path = "Dadi-Info.plist"; sourceTree = "<group>"; };
		BE3DDB4918461203002D3F42 /* en */ = {isa = PBXFileReference; lastKnownFileType = text.plist.strings; name = en; path = en.lproj/InfoPlist.strings; sourceTree = "<group>"; };
		BE3DDB4B18461203002D3F42 /* main.m */ = {isa = PBXFileReference; lastKnownFileType = sourcecode.c.objc; path = main.m; sourceTree = "<group>"; };
		BE3DDB4D18461203002D3F42 /* Dadi-Prefix.pch */ = {isa = PBXFileReference; lastKnownFileType = sourcecode.c.h; path = "Dadi-Prefix.pch"; sourceTree = "<group>"; };
		BE3DDB4E18461203002D3F42 /* DDAppDelegate.h */ = {isa = PBXFileReference; lastKnownFileType = sourcecode.c.h; path = DDAppDelegate.h; sourceTree = "<group>"; };
		BE3DDB4F18461203002D3F42 /* DDAppDelegate.m */ = {isa = PBXFileReference; lastKnownFileType = sourcecode.c.objc; path = DDAppDelegate.m; sourceTree = "<group>"; };
		BE3DDB5218461203002D3F42 /* Base */ = {isa = PBXFileReference; lastKnownFileType = file.storyboard; name = Base; path = Base.lproj/Main.storyboard; sourceTree = "<group>"; };
		BE3DDB5418461203002D3F42 /* DDViewController.h */ = {isa = PBXFileReference; lastKnownFileType = sourcecode.c.h; path = DDViewController.h; sourceTree = "<group>"; };
		BE3DDB5518461203002D3F42 /* DDViewController.m */ = {isa = PBXFileReference; lastKnownFileType = sourcecode.c.objc; path = DDViewController.m; sourceTree = "<group>"; };
		BE3DDB5718461203002D3F42 /* Images.xcassets */ = {isa = PBXFileReference; lastKnownFileType = folder.assetcatalog; path = Images.xcassets; sourceTree = "<group>"; };
		BE3DDB5D18461203002D3F42 /* DadiTests.xctest */ = {isa = PBXFileReference; explicitFileType = wrapper.cfbundle; includeInIndex = 0; path = DadiTests.xctest; sourceTree = BUILT_PRODUCTS_DIR; };
		BE3DDB5E18461203002D3F42 /* XCTest.framework */ = {isa = PBXFileReference; lastKnownFileType = wrapper.framework; name = XCTest.framework; path = Library/Frameworks/XCTest.framework; sourceTree = DEVELOPER_DIR; };
		BE3DDB6618461203002D3F42 /* DadiTests-Info.plist */ = {isa = PBXFileReference; lastKnownFileType = text.plist.xml; path = "DadiTests-Info.plist"; sourceTree = "<group>"; };
		BE3DDB6818461203002D3F42 /* en */ = {isa = PBXFileReference; lastKnownFileType = text.plist.strings; name = en; path = en.lproj/InfoPlist.strings; sourceTree = "<group>"; };
		BE3DDB6A18461203002D3F42 /* DadiTests.m */ = {isa = PBXFileReference; lastKnownFileType = sourcecode.c.objc; path = DadiTests.m; sourceTree = "<group>"; };
		BE3DDB7518461226002D3F42 /* DDVertex.h */ = {isa = PBXFileReference; fileEncoding = 4; lastKnownFileType = sourcecode.c.h; path = DDVertex.h; sourceTree = "<group>"; };
		BE3DDB7618461226002D3F42 /* DDVertex.m */ = {isa = PBXFileReference; fileEncoding = 4; lastKnownFileType = sourcecode.c.objc; path = DDVertex.m; sourceTree = "<group>"; };
		BE3DDB78184615D9002D3F42 /* DDBoard.h */ = {isa = PBXFileReference; fileEncoding = 4; lastKnownFileType = sourcecode.c.h; path = DDBoard.h; sourceTree = "<group>"; };
		BE3DDB79184615D9002D3F42 /* DDBoard.m */ = {isa = PBXFileReference; fileEncoding = 4; lastKnownFileType = sourcecode.c.objc; path = DDBoard.m; sourceTree = "<group>"; };
		BE3DDB7B18461608002D3F42 /* DDVerticesManager.h */ = {isa = PBXFileReference; fileEncoding = 4; lastKnownFileType = sourcecode.c.h; path = DDVerticesManager.h; sourceTree = "<group>"; };
		BE3DDB7C18461608002D3F42 /* DDVerticesManager.m */ = {isa = PBXFileReference; fileEncoding = 4; lastKnownFileType = sourcecode.c.objc; path = DDVerticesManager.m; sourceTree = "<group>"; };
		BE7B261E1855EFD200B731B7 /* DDCoin.h */ = {isa = PBXFileReference; fileEncoding = 4; lastKnownFileType = sourcecode.c.h; path = DDCoin.h; sourceTree = "<group>"; };
		BE7B261F1855EFD200B731B7 /* DDCoin.m */ = {isa = PBXFileReference; fileEncoding = 4; lastKnownFileType = sourcecode.c.objc; path = DDCoin.m; sourceTree = "<group>"; };
		BE7B26211855F19200B731B7 /* DDCoinManager.h */ = {isa = PBXFileReference; fileEncoding = 4; lastKnownFileType = sourcecode.c.h; path = DDCoinManager.h; sourceTree = "<group>"; };
		BE7B26221855F19200B731B7 /* DDCoinManager.m */ = {isa = PBXFileReference; fileEncoding = 4; lastKnownFileType = sourcecode.c.objc; path = DDCoinManager.m; sourceTree = "<group>"; };
/* End PBXFileReference section */

/* Begin PBXFrameworksBuildPhase section */
		BE3DDB3918461203002D3F42 /* Frameworks */ = {
			isa = PBXFrameworksBuildPhase;
			buildActionMask = 2147483647;
			files = (
				BE3DDB4218461203002D3F42 /* CoreGraphics.framework in Frameworks */,
				BE3DDB4418461203002D3F42 /* UIKit.framework in Frameworks */,
				BE3DDB4018461203002D3F42 /* Foundation.framework in Frameworks */,
			);
			runOnlyForDeploymentPostprocessing = 0;
		};
		BE3DDB5A18461203002D3F42 /* Frameworks */ = {
			isa = PBXFrameworksBuildPhase;
			buildActionMask = 2147483647;
			files = (
				BE3DDB5F18461203002D3F42 /* XCTest.framework in Frameworks */,
				BE3DDB6118461203002D3F42 /* UIKit.framework in Frameworks */,
				BE3DDB6018461203002D3F42 /* Foundation.framework in Frameworks */,
			);
			runOnlyForDeploymentPostprocessing = 0;
		};
/* End PBXFrameworksBuildPhase section */

/* Begin PBXGroup section */
		BE05F8C31856FD5100EC2017 /* Resources */ = {
			isa = PBXGroup;
			children = (
				BE05F8C41856FD9900EC2017 /* afro_32.png */,
				BE05F8C51856FD9900EC2017 /* alien_32.png */,
				BE05F8C61856FD9900EC2017 /* anciano_32.png */,
				BE05F8C71856FD9900EC2017 /* astronauta_32.png */,
				BE05F8C81856FD9900EC2017 /* barbaman_32.png */,
				BE05F8C91856FD9900EC2017 /* boxeador_32.png */,
				BE05F8CA1856FD9900EC2017 /* bruce_lee_32.png */,
				BE05F8CB1856FD9900EC2017 /* cientifico_loco_32.png */,
				BE05F8CC1856FD9900EC2017 /* comisario_32.png */,
				BE05F8CD1856FD9900EC2017 /* cupido_32.png */,
				BE05F8CE1856FD9900EC2017 /* diabla_32.png */,
				BE05F8CF1856FD9900EC2017 /* director_32.png */,
				BE05F8D01856FD9900EC2017 /* dreds_32.png */,
				BE05F8D11856FD9900EC2017 /* elvis_32.png */,
				BE05F8D21856FD9900EC2017 /* emo_32.png */,
				BE05F8D31856FD9900EC2017 /* escafandra_32.png */,
				BE05F8D41856FD9900EC2017 /* extraterrestre_32.png */,
			);
			name = Resources;
			sourceTree = "<group>";
		};
		BE05F8EC1857201800EC2017 /* Coin */ = {
			isa = PBXGroup;
			children = (
				BE7B261E1855EFD200B731B7 /* DDCoin.h */,
				BE7B261F1855EFD200B731B7 /* DDCoin.m */,
				BE7B26211855F19200B731B7 /* DDCoinManager.h */,
				BE7B26221855F19200B731B7 /* DDCoinManager.m */,
				BE05F8F7185728F900EC2017 /* DDCoinView.h */,
				BE05F8F8185728F900EC2017 /* DDCoinView.m */,
				BE05F8FE18572C7500EC2017 /* DDCoinView.xib */,
			);
			name = Coin;
			sourceTree = "<group>";
		};
		BE3DDB3318461203002D3F42 = {
			isa = PBXGroup;
			children = (
				BE3DDB4518461203002D3F42 /* Dadi */,
				BE3DDB6418461203002D3F42 /* DadiTests */,
				BE3DDB3E18461203002D3F42 /* Frameworks */,
				BE3DDB3D18461203002D3F42 /* Products */,
			);
			sourceTree = "<group>";
		};
		BE3DDB3D18461203002D3F42 /* Products */ = {
			isa = PBXGroup;
			children = (
				BE3DDB3C18461203002D3F42 /* Dadi.app */,
				BE3DDB5D18461203002D3F42 /* DadiTests.xctest */,
			);
			name = Products;
			sourceTree = "<group>";
		};
		BE3DDB3E18461203002D3F42 /* Frameworks */ = {
			isa = PBXGroup;
			children = (
				BE3DDB3F18461203002D3F42 /* Foundation.framework */,
				BE3DDB4118461203002D3F42 /* CoreGraphics.framework */,
				BE3DDB4318461203002D3F42 /* UIKit.framework */,
				BE3DDB5E18461203002D3F42 /* XCTest.framework */,
			);
			name = Frameworks;
			sourceTree = "<group>";
		};
		BE3DDB4518461203002D3F42 /* Dadi */ = {
			isa = PBXGroup;
			children = (
				BE05F8C31856FD5100EC2017 /* Resources */,
				BE3DDB741846120D002D3F42 /* Model */,
				BE3DDB4E18461203002D3F42 /* DDAppDelegate.h */,
				BE3DDB4F18461203002D3F42 /* DDAppDelegate.m */,
				BE3DDB5118461203002D3F42 /* Main.storyboard */,
				BE3DDB5418461203002D3F42 /* DDViewController.h */,
				BE3DDB5518461203002D3F42 /* DDViewController.m */,
				BE3DDB5718461203002D3F42 /* Images.xcassets */,
				BE3DDB4618461203002D3F42 /* Supporting Files */,
			);
			path = Dadi;
			sourceTree = "<group>";
		};
		BE3DDB4618461203002D3F42 /* Supporting Files */ = {
			isa = PBXGroup;
			children = (
				BE3DDB4718461203002D3F42 /* Dadi-Info.plist */,
				BE3DDB4818461203002D3F42 /* InfoPlist.strings */,
				BE3DDB4B18461203002D3F42 /* main.m */,
				BE3DDB4D18461203002D3F42 /* Dadi-Prefix.pch */,
			);
			name = "Supporting Files";
			sourceTree = "<group>";
		};
		BE3DDB6418461203002D3F42 /* DadiTests */ = {
			isa = PBXGroup;
			children = (
				BE3DDB6A18461203002D3F42 /* DadiTests.m */,
				BE3DDB6518461203002D3F42 /* Supporting Files */,
			);
			path = DadiTests;
			sourceTree = "<group>";
		};
		BE3DDB6518461203002D3F42 /* Supporting Files */ = {
			isa = PBXGroup;
			children = (
				BE3DDB6618461203002D3F42 /* DadiTests-Info.plist */,
				BE3DDB6718461203002D3F42 /* InfoPlist.strings */,
			);
			name = "Supporting Files";
			sourceTree = "<group>";
		};
		BE3DDB741846120D002D3F42 /* Model */ = {
			isa = PBXGroup;
			children = (
				BE05F8EC1857201800EC2017 /* Coin */,
				BE3DDB7518461226002D3F42 /* DDVertex.h */,
				BE3DDB7618461226002D3F42 /* DDVertex.m */,
				BE3DDB78184615D9002D3F42 /* DDBoard.h */,
				BE3DDB79184615D9002D3F42 /* DDBoard.m */,
				BE3DDB7B18461608002D3F42 /* DDVerticesManager.h */,
				BE3DDB7C18461608002D3F42 /* DDVerticesManager.m */,
				BE2BA8FC18474727001A04F3 /* DDConstants.h */,
				BE05F8E61857120700EC2017 /* DDDadi.h */,
				BE05F8E71857120700EC2017 /* DDDadi.m */,
				BE05F8E91857148100EC2017 /* DDPlayer.h */,
				BE05F8EA1857148100EC2017 /* DDPlayer.m */,
			);
			name = Model;
			sourceTree = "<group>";
		};
/* End PBXGroup section */

/* Begin PBXNativeTarget section */
		BE3DDB3B18461203002D3F42 /* Dadi */ = {
			isa = PBXNativeTarget;
			buildConfigurationList = BE3DDB6E18461203002D3F42 /* Build configuration list for PBXNativeTarget "Dadi" */;
			buildPhases = (
				BE3DDB3818461203002D3F42 /* Sources */,
				BE3DDB3918461203002D3F42 /* Frameworks */,
				BE3DDB3A18461203002D3F42 /* Resources */,
			);
			buildRules = (
			);
			dependencies = (
			);
			name = Dadi;
			productName = Dadi;
			productReference = BE3DDB3C18461203002D3F42 /* Dadi.app */;
			productType = "com.apple.product-type.application";
		};
		BE3DDB5C18461203002D3F42 /* DadiTests */ = {
			isa = PBXNativeTarget;
			buildConfigurationList = BE3DDB7118461203002D3F42 /* Build configuration list for PBXNativeTarget "DadiTests" */;
			buildPhases = (
				BE3DDB5918461203002D3F42 /* Sources */,
				BE3DDB5A18461203002D3F42 /* Frameworks */,
				BE3DDB5B18461203002D3F42 /* Resources */,
			);
			buildRules = (
			);
			dependencies = (
				BE3DDB6318461203002D3F42 /* PBXTargetDependency */,
			);
			name = DadiTests;
			productName = DadiTests;
			productReference = BE3DDB5D18461203002D3F42 /* DadiTests.xctest */;
			productType = "com.apple.product-type.bundle.unit-test";
		};
/* End PBXNativeTarget section */

/* Begin PBXProject section */
		BE3DDB3418461203002D3F42 /* Project object */ = {
			isa = PBXProject;
			attributes = {
				CLASSPREFIX = DD;
				LastUpgradeCheck = 0500;
				ORGANIZATIONNAME = Personal;
				TargetAttributes = {
					BE3DDB5C18461203002D3F42 = {
						TestTargetID = BE3DDB3B18461203002D3F42;
					};
				};
			};
			buildConfigurationList = BE3DDB3718461203002D3F42 /* Build configuration list for PBXProject "Dadi" */;
			compatibilityVersion = "Xcode 3.2";
			developmentRegion = English;
			hasScannedForEncodings = 0;
			knownRegions = (
				en,
				Base,
			);
			mainGroup = BE3DDB3318461203002D3F42;
			productRefGroup = BE3DDB3D18461203002D3F42 /* Products */;
			projectDirPath = "";
			projectRoot = "";
			targets = (
				BE3DDB3B18461203002D3F42 /* Dadi */,
				BE3DDB5C18461203002D3F42 /* DadiTests */,
			);
		};
/* End PBXProject section */

/* Begin PBXResourcesBuildPhase section */
		BE3DDB3A18461203002D3F42 /* Resources */ = {
			isa = PBXResourcesBuildPhase;
			buildActionMask = 2147483647;
			files = (
				BE05F8E51856FD9900EC2017 /* extraterrestre_32.png in Resources */,
				BE05F8E31856FD9900EC2017 /* emo_32.png in Resources */,
				BE05F8DA1856FD9900EC2017 /* boxeador_32.png in Resources */,
				BE05F8DB1856FD9900EC2017 /* bruce_lee_32.png in Resources */,
				BE05F8FF18572C7500EC2017 /* DDCoinView.xib in Resources */,
				BE05F8DC1856FD9900EC2017 /* cientifico_loco_32.png in Resources */,
				BE05F8D61856FD9900EC2017 /* alien_32.png in Resources */,
				BE05F8D81856FD9900EC2017 /* astronauta_32.png in Resources */,
				BE05F8E11856FD9900EC2017 /* dreds_32.png in Resources */,
				BE05F8DF1856FD9900EC2017 /* diabla_32.png in Resources */,
				BE05F8DE1856FD9900EC2017 /* cupido_32.png in Resources */,
				BE05F8D91856FD9900EC2017 /* barbaman_32.png in Resources */,
				BE05F8E41856FD9900EC2017 /* escafandra_32.png in Resources */,
				BE3DDB5818461203002D3F42 /* Images.xcassets in Resources */,
				BE3DDB4A18461203002D3F42 /* InfoPlist.strings in Resources */,
				BE05F8E21856FD9900EC2017 /* elvis_32.png in Resources */,
				BE05F8D51856FD9900EC2017 /* afro_32.png in Resources */,
				BE05F8DD1856FD9900EC2017 /* comisario_32.png in Resources */,
				BE05F8D71856FD9900EC2017 /* anciano_32.png in Resources */,
				BE05F8E01856FD9900EC2017 /* director_32.png in Resources */,
				BE3DDB5318461203002D3F42 /* Main.storyboard in Resources */,
			);
			runOnlyForDeploymentPostprocessing = 0;
		};
		BE3DDB5B18461203002D3F42 /* Resources */ = {
			isa = PBXResourcesBuildPhase;
			buildActionMask = 2147483647;
			files = (
				BE3DDB6918461203002D3F42 /* InfoPlist.strings in Resources */,
			);
			runOnlyForDeploymentPostprocessing = 0;
		};
/* End PBXResourcesBuildPhase section */

/* Begin PBXSourcesBuildPhase section */
		BE3DDB3818461203002D3F42 /* Sources */ = {
			isa = PBXSourcesBuildPhase;
			buildActionMask = 2147483647;
			files = (
				BE3DDB7D18461608002D3F42 /* DDVerticesManager.m in Sources */,
				BE3DDB5018461203002D3F42 /* DDAppDelegate.m in Sources */,
				BE3DDB5618461203002D3F42 /* DDViewController.m in Sources */,
				BE05F8F9185728F900EC2017 /* DDCoinView.m in Sources */,
				BE05F8E81857120700EC2017 /* DDDadi.m in Sources */,
				BE7B26201855EFD200B731B7 /* DDCoin.m in Sources */,
				BE3DDB4C18461203002D3F42 /* main.m in Sources */,
				BE3DDB7A184615D9002D3F42 /* DDBoard.m in Sources */,
				BE7B26231855F19200B731B7 /* DDCoinManager.m in Sources */,
				BE05F8EB1857148100EC2017 /* DDPlayer.m in Sources */,
				BE3DDB7718461226002D3F42 /* DDVertex.m in Sources */,
			);
			runOnlyForDeploymentPostprocessing = 0;
		};
		BE3DDB5918461203002D3F42 /* Sources */ = {
			isa = PBXSourcesBuildPhase;
			buildActionMask = 2147483647;
			files = (
				BE3DDB6B18461203002D3F42 /* DadiTests.m in Sources */,
			);
			runOnlyForDeploymentPostprocessing = 0;
		};
/* End PBXSourcesBuildPhase section */

/* Begin PBXTargetDependency section */
		BE3DDB6318461203002D3F42 /* PBXTargetDependency */ = {
			isa = PBXTargetDependency;
			target = BE3DDB3B18461203002D3F42 /* Dadi */;
			targetProxy = BE3DDB6218461203002D3F42 /* PBXContainerItemProxy */;
		};
/* End PBXTargetDependency section */

/* Begin PBXVariantGroup section */
		BE3DDB4818461203002D3F42 /* InfoPlist.strings */ = {
			isa = PBXVariantGroup;
			children = (
				BE3DDB4918461203002D3F42 /* en */,
			);
			name = InfoPlist.strings;
			sourceTree = "<group>";
		};
		BE3DDB5118461203002D3F42 /* Main.storyboard */ = {
			isa = PBXVariantGroup;
			children = (
				BE3DDB5218461203002D3F42 /* Base */,
			);
			name = Main.storyboard;
			sourceTree = "<group>";
		};
		BE3DDB6718461203002D3F42 /* InfoPlist.strings */ = {
			isa = PBXVariantGroup;
			children = (
				BE3DDB6818461203002D3F42 /* en */,
			);
			name = InfoPlist.strings;
			sourceTree = "<group>";
		};
/* End PBXVariantGroup section */

/* Begin XCBuildConfiguration section */
		BE3DDB6C18461203002D3F42 /* Debug */ = {
			isa = XCBuildConfiguration;
			buildSettings = {
				ALWAYS_SEARCH_USER_PATHS = NO;
				ARCHS = "$(ARCHS_STANDARD_INCLUDING_64_BIT)";
				CLANG_CXX_LANGUAGE_STANDARD = "gnu++0x";
				CLANG_CXX_LIBRARY = "libc++";
				CLANG_ENABLE_MODULES = YES;
				CLANG_ENABLE_OBJC_ARC = YES;
				CLANG_WARN_BOOL_CONVERSION = YES;
				CLANG_WARN_CONSTANT_CONVERSION = YES;
				CLANG_WARN_DIRECT_OBJC_ISA_USAGE = YES_ERROR;
				CLANG_WARN_EMPTY_BODY = YES;
				CLANG_WARN_ENUM_CONVERSION = YES;
				CLANG_WARN_INT_CONVERSION = YES;
				CLANG_WARN_OBJC_ROOT_CLASS = YES_ERROR;
				CLANG_WARN__DUPLICATE_METHOD_MATCH = YES;
				"CODE_SIGN_IDENTITY[sdk=iphoneos*]" = "iPhone Developer";
				COPY_PHASE_STRIP = NO;
				GCC_C_LANGUAGE_STANDARD = gnu99;
				GCC_DYNAMIC_NO_PIC = NO;
				GCC_OPTIMIZATION_LEVEL = 0;
				GCC_PREPROCESSOR_DEFINITIONS = (
					"DEBUG=1",
					"$(inherited)",
				);
				GCC_SYMBOLS_PRIVATE_EXTERN = NO;
				GCC_WARN_64_TO_32_BIT_CONVERSION = YES;
				GCC_WARN_ABOUT_RETURN_TYPE = YES_ERROR;
				GCC_WARN_UNDECLARED_SELECTOR = YES;
				GCC_WARN_UNINITIALIZED_AUTOS = YES;
				GCC_WARN_UNUSED_FUNCTION = YES;
				GCC_WARN_UNUSED_VARIABLE = YES;
				IPHONEOS_DEPLOYMENT_TARGET = 7.0;
				ONLY_ACTIVE_ARCH = YES;
				SDKROOT = iphoneos;
			};
			name = Debug;
		};
		BE3DDB6D18461203002D3F42 /* Release */ = {
			isa = XCBuildConfiguration;
			buildSettings = {
				ALWAYS_SEARCH_USER_PATHS = NO;
				ARCHS = "$(ARCHS_STANDARD_INCLUDING_64_BIT)";
				CLANG_CXX_LANGUAGE_STANDARD = "gnu++0x";
				CLANG_CXX_LIBRARY = "libc++";
				CLANG_ENABLE_MODULES = YES;
				CLANG_ENABLE_OBJC_ARC = YES;
				CLANG_WARN_BOOL_CONVERSION = YES;
				CLANG_WARN_CONSTANT_CONVERSION = YES;
				CLANG_WARN_DIRECT_OBJC_ISA_USAGE = YES_ERROR;
				CLANG_WARN_EMPTY_BODY = YES;
				CLANG_WARN_ENUM_CONVERSION = YES;
				CLANG_WARN_INT_CONVERSION = YES;
				CLANG_WARN_OBJC_ROOT_CLASS = YES_ERROR;
				CLANG_WARN__DUPLICATE_METHOD_MATCH = YES;
				"CODE_SIGN_IDENTITY[sdk=iphoneos*]" = "iPhone Developer";
				COPY_PHASE_STRIP = YES;
				ENABLE_NS_ASSERTIONS = NO;
				GCC_C_LANGUAGE_STANDARD = gnu99;
				GCC_WARN_64_TO_32_BIT_CONVERSION = YES;
				GCC_WARN_ABOUT_RETURN_TYPE = YES_ERROR;
				GCC_WARN_UNDECLARED_SELECTOR = YES;
				GCC_WARN_UNINITIALIZED_AUTOS = YES;
				GCC_WARN_UNUSED_FUNCTION = YES;
				GCC_WARN_UNUSED_VARIABLE = YES;
				IPHONEOS_DEPLOYMENT_TARGET = 7.0;
				SDKROOT = iphoneos;
				VALIDATE_PRODUCT = YES;
			};
			name = Release;
		};
		BE3DDB6F18461203002D3F42 /* Debug */ = {
			isa = XCBuildConfiguration;
			buildSettings = {
				ASSETCATALOG_COMPILER_APPICON_NAME = AppIcon;
				ASSETCATALOG_COMPILER_LAUNCHIMAGE_NAME = LaunchImage;
				GCC_PRECOMPILE_PREFIX_HEADER = YES;
				GCC_PREFIX_HEADER = "Dadi/Dadi-Prefix.pch";
				INFOPLIST_FILE = "Dadi/Dadi-Info.plist";
				PRODUCT_NAME = "$(TARGET_NAME)";
				WRAPPER_EXTENSION = app;
			};
			name = Debug;
		};
		BE3DDB7018461203002D3F42 /* Release */ = {
			isa = XCBuildConfiguration;
			buildSettings = {
				ASSETCATALOG_COMPILER_APPICON_NAME = AppIcon;
				ASSETCATALOG_COMPILER_LAUNCHIMAGE_NAME = LaunchImage;
				GCC_PRECOMPILE_PREFIX_HEADER = YES;
				GCC_PREFIX_HEADER = "Dadi/Dadi-Prefix.pch";
				INFOPLIST_FILE = "Dadi/Dadi-Info.plist";
				PRODUCT_NAME = "$(TARGET_NAME)";
				WRAPPER_EXTENSION = app;
			};
			name = Release;
		};
		BE3DDB7218461203002D3F42 /* Debug */ = {
			isa = XCBuildConfiguration;
			buildSettings = {
				ARCHS = "$(ARCHS_STANDARD_INCLUDING_64_BIT)";
				BUNDLE_LOADER = "$(BUILT_PRODUCTS_DIR)/Dadi.app/Dadi";
				FRAMEWORK_SEARCH_PATHS = (
					"$(SDKROOT)/Developer/Library/Frameworks",
					"$(inherited)",
					"$(DEVELOPER_FRAMEWORKS_DIR)",
				);
				GCC_PRECOMPILE_PREFIX_HEADER = YES;
				GCC_PREFIX_HEADER = "Dadi/Dadi-Prefix.pch";
				GCC_PREPROCESSOR_DEFINITIONS = (
					"DEBUG=1",
					"$(inherited)",
				);
				INFOPLIST_FILE = "DadiTests/DadiTests-Info.plist";
				PRODUCT_NAME = "$(TARGET_NAME)";
				TEST_HOST = "$(BUNDLE_LOADER)";
				WRAPPER_EXTENSION = xctest;
			};
			name = Debug;
		};
		BE3DDB7318461203002D3F42 /* Release */ = {
			isa = XCBuildConfiguration;
			buildSettings = {
				ARCHS = "$(ARCHS_STANDARD_INCLUDING_64_BIT)";
				BUNDLE_LOADER = "$(BUILT_PRODUCTS_DIR)/Dadi.app/Dadi";
				FRAMEWORK_SEARCH_PATHS = (
					"$(SDKROOT)/Developer/Library/Frameworks",
					"$(inherited)",
					"$(DEVELOPER_FRAMEWORKS_DIR)",
				);
				GCC_PRECOMPILE_PREFIX_HEADER = YES;
				GCC_PREFIX_HEADER = "Dadi/Dadi-Prefix.pch";
				INFOPLIST_FILE = "DadiTests/DadiTests-Info.plist";
				PRODUCT_NAME = "$(TARGET_NAME)";
				TEST_HOST = "$(BUNDLE_LOADER)";
				WRAPPER_EXTENSION = xctest;
			};
			name = Release;
		};
/* End XCBuildConfiguration section */

/* Begin XCConfigurationList section */
		BE3DDB3718461203002D3F42 /* Build configuration list for PBXProject "Dadi" */ = {
			isa = XCConfigurationList;
			buildConfigurations = (
				BE3DDB6C18461203002D3F42 /* Debug */,
				BE3DDB6D18461203002D3F42 /* Release */,
			);
			defaultConfigurationIsVisible = 0;
			defaultConfigurationName = Release;
		};
		BE3DDB6E18461203002D3F42 /* Build configuration list for PBXNativeTarget "Dadi" */ = {
			isa = XCConfigurationList;
			buildConfigurations = (
				BE3DDB6F18461203002D3F42 /* Debug */,
				BE3DDB7018461203002D3F42 /* Release */,
			);
			defaultConfigurationIsVisible = 0;
			defaultConfigurationName = Release;
		};
		BE3DDB7118461203002D3F42 /* Build configuration list for PBXNativeTarget "DadiTests" */ = {
			isa = XCConfigurationList;
			buildConfigurations = (
				BE3DDB7218461203002D3F42 /* Debug */,
				BE3DDB7318461203002D3F42 /* Release */,
			);
			defaultConfigurationIsVisible = 0;
			defaultConfigurationName = Release;
		};
/* End XCConfigurationList section */
	};
	rootObject = BE3DDB3418461203002D3F42 /* Project object */;
}
